// !$*UTF8*$!
{
	archiveVersion = 1;
	classes = {
	};
	objectVersion = 46;
	objects = {

/* Begin PBXBuildFile section */
		0C0D068D1D0BC86500C4E4AF /* GradientView.swift in Sources */ = {isa = PBXBuildFile; fileRef = 0C0D068C1D0BC86500C4E4AF /* GradientView.swift */; };
		0C0D068F1D0BCDAD00C4E4AF /* BounceAnimationController.swift in Sources */ = {isa = PBXBuildFile; fileRef = 0C0D068E1D0BCDAD00C4E4AF /* BounceAnimationController.swift */; };
		0C0D06911D0BE6F600C4E4AF /* SlideOutAnimationController.swift in Sources */ = {isa = PBXBuildFile; fileRef = 0C0D06901D0BE6F600C4E4AF /* SlideOutAnimationController.swift */; };
		0C0D06931D0BF16B00C4E4AF /* LandscapeViewController.swift in Sources */ = {isa = PBXBuildFile; fileRef = 0C0D06921D0BF16B00C4E4AF /* LandscapeViewController.swift */; };
		0C2799611D0E7036003D4EDA /* NothingFoundCell.xib in Resources */ = {isa = PBXBuildFile; fileRef = 0C2799631D0E7036003D4EDA /* NothingFoundCell.xib */; };
		0C7500AA1D07E3C3000D5067 /* UIImageView+DownloadImage.swift in Sources */ = {isa = PBXBuildFile; fileRef = 0C7500A91D07E3C3000D5067 /* UIImageView+DownloadImage.swift */; };
		0C7500AC1D07EE4D000D5067 /* DetailViewController.swift in Sources */ = {isa = PBXBuildFile; fileRef = 0C7500AB1D07EE4D000D5067 /* DetailViewController.swift */; };
		0C7500AE1D07F399000D5067 /* DimmingPresentationController.swift in Sources */ = {isa = PBXBuildFile; fileRef = 0C7500AD1D07F399000D5067 /* DimmingPresentationController.swift */; };
		0CB105CA1D0D096D0080F5C8 /* FadeOutAnimationController.swift in Sources */ = {isa = PBXBuildFile; fileRef = 0CB105C91D0D096D0080F5C8 /* FadeOutAnimationController.swift */; };
		0CF557AA1D0E72E4006D6C5B /* LoadingCell.xib in Resources */ = {isa = PBXBuildFile; fileRef = 0CF557AC1D0E72E4006D6C5B /* LoadingCell.xib */; };
		6B2D56091D0DADFC0063AABF /* Search.swift in Sources */ = {isa = PBXBuildFile; fileRef = 6B2D56081D0DADFC0063AABF /* Search.swift */; };
		6BBC86E11D052D6B00990E35 /* SearchResultCell.xib in Resources */ = {isa = PBXBuildFile; fileRef = 6BBC86E01D052D6B00990E35 /* SearchResultCell.xib */; };
		6BBC86E31D05339700990E35 /* SearchResultCell.swift in Sources */ = {isa = PBXBuildFile; fileRef = 6BBC86E21D05339700990E35 /* SearchResultCell.swift */; };
		6BD4CB9F1D0495AC00DA4018 /* AppDelegate.swift in Sources */ = {isa = PBXBuildFile; fileRef = 6BD4CB9E1D0495AC00DA4018 /* AppDelegate.swift */; };
		6BD4CBA11D0495AC00DA4018 /* SearchViewController.swift in Sources */ = {isa = PBXBuildFile; fileRef = 6BD4CBA01D0495AC00DA4018 /* SearchViewController.swift */; };
		6BD4CBA41D0495AC00DA4018 /* Main.storyboard in Resources */ = {isa = PBXBuildFile; fileRef = 6BD4CBA21D0495AC00DA4018 /* Main.storyboard */; };
		6BD4CBA61D0495AC00DA4018 /* Assets.xcassets in Resources */ = {isa = PBXBuildFile; fileRef = 6BD4CBA51D0495AC00DA4018 /* Assets.xcassets */; };
		6BD4CBB21D04F50D00DA4018 /* SearchResult.swift in Sources */ = {isa = PBXBuildFile; fileRef = 6BD4CBB11D04F50D00DA4018 /* SearchResult.swift */; };
/* End PBXBuildFile section */

/* Begin PBXFileReference section */
		0C0D068C1D0BC86500C4E4AF /* GradientView.swift */ = {isa = PBXFileReference; fileEncoding = 4; lastKnownFileType = sourcecode.swift; path = GradientView.swift; sourceTree = "<group>"; };
		0C0D068E1D0BCDAD00C4E4AF /* BounceAnimationController.swift */ = {isa = PBXFileReference; fileEncoding = 4; lastKnownFileType = sourcecode.swift; name = BounceAnimationController.swift; path = StoreSearch_IOS/BounceAnimationController.swift; sourceTree = SOURCE_ROOT; };
		0C0D06901D0BE6F600C4E4AF /* SlideOutAnimationController.swift */ = {isa = PBXFileReference; fileEncoding = 4; lastKnownFileType = sourcecode.swift; path = SlideOutAnimationController.swift; sourceTree = "<group>"; };
		0C0D06921D0BF16B00C4E4AF /* LandscapeViewController.swift */ = {isa = PBXFileReference; fileEncoding = 4; lastKnownFileType = sourcecode.swift; path = LandscapeViewController.swift; sourceTree = "<group>"; };
		0C2799621D0E7036003D4EDA /* en */ = {isa = PBXFileReference; lastKnownFileType = file.xib; name = en; path = en.lproj/NothingFoundCell.xib; sourceTree = "<group>"; };
		0C7500A91D07E3C3000D5067 /* UIImageView+DownloadImage.swift */ = {isa = PBXFileReference; fileEncoding = 4; lastKnownFileType = sourcecode.swift; path = "UIImageView+DownloadImage.swift"; sourceTree = "<group>"; };
		0C7500AB1D07EE4D000D5067 /* DetailViewController.swift */ = {isa = PBXFileReference; fileEncoding = 4; lastKnownFileType = sourcecode.swift; path = DetailViewController.swift; sourceTree = "<group>"; };
		0C7500AD1D07F399000D5067 /* DimmingPresentationController.swift */ = {isa = PBXFileReference; fileEncoding = 4; lastKnownFileType = sourcecode.swift; path = DimmingPresentationController.swift; sourceTree = "<group>"; };
		0CB105C91D0D096D0080F5C8 /* FadeOutAnimationController.swift */ = {isa = PBXFileReference; fileEncoding = 4; lastKnownFileType = sourcecode.swift; path = FadeOutAnimationController.swift; sourceTree = "<group>"; };
		0CF557A91D0E71E0006D6C5B /* nl */ = {isa = PBXFileReference; lastKnownFileType = file.xib; name = nl; path = nl.lproj/NothingFoundCell.xib; sourceTree = "<group>"; };
		0CF557AB1D0E72E4006D6C5B /* Base */ = {isa = PBXFileReference; lastKnownFileType = file.xib; name = Base; path = Base.lproj/LoadingCell.xib; sourceTree = "<group>"; };
		0CF557AE1D0E72FE006D6C5B /* nl */ = {isa = PBXFileReference; lastKnownFileType = text.plist.strings; name = nl; path = nl.lproj/LoadingCell.strings; sourceTree = "<group>"; };
		0CF557B01D0E73A8006D6C5B /* nl */ = {isa = PBXFileReference; lastKnownFileType = text.plist.strings; name = nl; path = nl.lproj/Main.strings; sourceTree = "<group>"; };
		6B2D56081D0DADFC0063AABF /* Search.swift */ = {isa = PBXFileReference; fileEncoding = 4; lastKnownFileType = sourcecode.swift; path = Search.swift; sourceTree = "<group>"; };
		6BBC86E01D052D6B00990E35 /* SearchResultCell.xib */ = {isa = PBXFileReference; fileEncoding = 4; lastKnownFileType = file.xib; path = SearchResultCell.xib; sourceTree = "<group>"; };
		6BBC86E21D05339700990E35 /* SearchResultCell.swift */ = {isa = PBXFileReference; fileEncoding = 4; lastKnownFileType = sourcecode.swift; path = SearchResultCell.swift; sourceTree = "<group>"; };
		6BD4CB9B1D0495AC00DA4018 /* StoreSearch_IOS.app */ = {isa = PBXFileReference; explicitFileType = wrapper.application; includeInIndex = 0; path = StoreSearch_IOS.app; sourceTree = BUILT_PRODUCTS_DIR; };
		6BD4CB9E1D0495AC00DA4018 /* AppDelegate.swift */ = {isa = PBXFileReference; lastKnownFileType = sourcecode.swift; path = AppDelegate.swift; sourceTree = "<group>"; };
		6BD4CBA01D0495AC00DA4018 /* SearchViewController.swift */ = {isa = PBXFileReference; lastKnownFileType = sourcecode.swift; path = SearchViewController.swift; sourceTree = "<group>"; };
		6BD4CBA31D0495AC00DA4018 /* Base */ = {isa = PBXFileReference; lastKnownFileType = file.storyboard; name = Base; path = Base.lproj/Main.storyboard; sourceTree = "<group>"; };
		6BD4CBA51D0495AC00DA4018 /* Assets.xcassets */ = {isa = PBXFileReference; lastKnownFileType = folder.assetcatalog; path = Assets.xcassets; sourceTree = "<group>"; };
		6BD4CBAA1D0495AC00DA4018 /* Info.plist */ = {isa = PBXFileReference; lastKnownFileType = text.plist.xml; path = Info.plist; sourceTree = "<group>"; };
		6BD4CBB11D04F50D00DA4018 /* SearchResult.swift */ = {isa = PBXFileReference; fileEncoding = 4; lastKnownFileType = sourcecode.swift; path = SearchResult.swift; sourceTree = "<group>"; };
/* End PBXFileReference section */

/* Begin PBXFrameworksBuildPhase section */
		6BD4CB981D0495AC00DA4018 /* Frameworks */ = {
			isa = PBXFrameworksBuildPhase;
			buildActionMask = 2147483647;
			files = (
			);
			runOnlyForDeploymentPostprocessing = 0;
		};
/* End PBXFrameworksBuildPhase section */

/* Begin PBXGroup section */
		6BD4CB921D0495AC00DA4018 = {
			isa = PBXGroup;
			children = (
				6BD4CB9D1D0495AC00DA4018 /* StoreSearch_IOS */,
				6BD4CB9C1D0495AC00DA4018 /* Products */,
			);
			sourceTree = "<group>";
		};
		6BD4CB9C1D0495AC00DA4018 /* Products */ = {
			isa = PBXGroup;
			children = (
				6BD4CB9B1D0495AC00DA4018 /* StoreSearch_IOS.app */,
			);
			name = Products;
			sourceTree = "<group>";
		};
		6BD4CB9D1D0495AC00DA4018 /* StoreSearch_IOS */ = {
			isa = PBXGroup;
			children = (
				0C0D068E1D0BCDAD00C4E4AF /* BounceAnimationController.swift */,
				0C0D068C1D0BC86500C4E4AF /* GradientView.swift */,
				6BD4CBA01D0495AC00DA4018 /* SearchViewController.swift */,
				0C0D06921D0BF16B00C4E4AF /* LandscapeViewController.swift */,
				6B2D56081D0DADFC0063AABF /* Search.swift */,
				0C7500AB1D07EE4D000D5067 /* DetailViewController.swift */,
				0CB105C91D0D096D0080F5C8 /* FadeOutAnimationController.swift */,
				0C7500A91D07E3C3000D5067 /* UIImageView+DownloadImage.swift */,
				6BBC86E21D05339700990E35 /* SearchResultCell.swift */,
				6BD4CBB11D04F50D00DA4018 /* SearchResult.swift */,
				0C7500AD1D07F399000D5067 /* DimmingPresentationController.swift */,
				0C0D06901D0BE6F600C4E4AF /* SlideOutAnimationController.swift */,
				6BD4CBA21D0495AC00DA4018 /* Main.storyboard */,
				0C2799631D0E7036003D4EDA /* NothingFoundCell.xib */,
				6BBC86E01D052D6B00990E35 /* SearchResultCell.xib */,
				0CF557AC1D0E72E4006D6C5B /* LoadingCell.xib */,
				6BD4CBB01D0497CD00DA4018 /* Supporting */,
			);
			path = StoreSearch_IOS;
			sourceTree = "<group>";
		};
		6BD4CBB01D0497CD00DA4018 /* Supporting */ = {
			isa = PBXGroup;
			children = (
				6BD4CB9E1D0495AC00DA4018 /* AppDelegate.swift */,
				6BD4CBA51D0495AC00DA4018 /* Assets.xcassets */,
				6BD4CBAA1D0495AC00DA4018 /* Info.plist */,
			);
			name = Supporting;
			sourceTree = "<group>";
		};
/* End PBXGroup section */

/* Begin PBXNativeTarget section */
		6BD4CB9A1D0495AC00DA4018 /* StoreSearch_IOS */ = {
			isa = PBXNativeTarget;
			buildConfigurationList = 6BD4CBAD1D0495AC00DA4018 /* Build configuration list for PBXNativeTarget "StoreSearch_IOS" */;
			buildPhases = (
				6BD4CB971D0495AC00DA4018 /* Sources */,
				6BD4CB981D0495AC00DA4018 /* Frameworks */,
				6BD4CB991D0495AC00DA4018 /* Resources */,
			);
			buildRules = (
			);
			dependencies = (
			);
			name = StoreSearch_IOS;
			productName = StoreSearch_IOS;
			productReference = 6BD4CB9B1D0495AC00DA4018 /* StoreSearch_IOS.app */;
			productType = "com.apple.product-type.application";
		};
/* End PBXNativeTarget section */

/* Begin PBXProject section */
		6BD4CB931D0495AC00DA4018 /* Project object */ = {
			isa = PBXProject;
			attributes = {
				LastSwiftUpdateCheck = 0730;
				LastUpgradeCheck = 0730;
				ORGANIZATIONNAME = "StellarTech Media";
				TargetAttributes = {
					6BD4CB9A1D0495AC00DA4018 = {
						CreatedOnToolsVersion = 7.3;
						DevelopmentTeam = JD3J5GCV9C;
					};
				};
			};
			buildConfigurationList = 6BD4CB961D0495AC00DA4018 /* Build configuration list for PBXProject "StoreSearch_IOS" */;
			compatibilityVersion = "Xcode 3.2";
			developmentRegion = English;
			hasScannedForEncodings = 0;
			knownRegions = (
				en,
				Base,
				nl,
			);
			mainGroup = 6BD4CB921D0495AC00DA4018;
			productRefGroup = 6BD4CB9C1D0495AC00DA4018 /* Products */;
			projectDirPath = "";
			projectRoot = "";
			targets = (
				6BD4CB9A1D0495AC00DA4018 /* StoreSearch_IOS */,
			);
		};
/* End PBXProject section */

/* Begin PBXResourcesBuildPhase section */
		6BD4CB991D0495AC00DA4018 /* Resources */ = {
			isa = PBXResourcesBuildPhase;
			buildActionMask = 2147483647;
			files = (
				6BD4CBA61D0495AC00DA4018 /* Assets.xcassets in Resources */,
				0CF557AA1D0E72E4006D6C5B /* LoadingCell.xib in Resources */,
				6BBC86E11D052D6B00990E35 /* SearchResultCell.xib in Resources */,
				0C2799611D0E7036003D4EDA /* NothingFoundCell.xib in Resources */,
				6BD4CBA41D0495AC00DA4018 /* Main.storyboard in Resources */,
			);
			runOnlyForDeploymentPostprocessing = 0;
		};
/* End PBXResourcesBuildPhase section */

/* Begin PBXSourcesBuildPhase section */
		6BD4CB971D0495AC00DA4018 /* Sources */ = {
			isa = PBXSourcesBuildPhase;
			buildActionMask = 2147483647;
			files = (
				6B2D56091D0DADFC0063AABF /* Search.swift in Sources */,
				6BD4CBA11D0495AC00DA4018 /* SearchViewController.swift in Sources */,
				0C7500AE1D07F399000D5067 /* DimmingPresentationController.swift in Sources */,
				0CB105CA1D0D096D0080F5C8 /* FadeOutAnimationController.swift in Sources */,
				6BD4CBB21D04F50D00DA4018 /* SearchResult.swift in Sources */,
				6BBC86E31D05339700990E35 /* SearchResultCell.swift in Sources */,
				0C0D068F1D0BCDAD00C4E4AF /* BounceAnimationController.swift in Sources */,
				0C0D06931D0BF16B00C4E4AF /* LandscapeViewController.swift in Sources */,
				0C7500AC1D07EE4D000D5067 /* DetailViewController.swift in Sources */,
				6BD4CB9F1D0495AC00DA4018 /* AppDelegate.swift in Sources */,
				0C0D068D1D0BC86500C4E4AF /* GradientView.swift in Sources */,
				0C7500AA1D07E3C3000D5067 /* UIImageView+DownloadImage.swift in Sources */,
				0C0D06911D0BE6F600C4E4AF /* SlideOutAnimationController.swift in Sources */,
			);
			runOnlyForDeploymentPostprocessing = 0;
		};
/* End PBXSourcesBuildPhase section */

/* Begin PBXVariantGroup section */
		0C2799631D0E7036003D4EDA /* NothingFoundCell.xib */ = {
			isa = PBXVariantGroup;
			children = (
				0C2799621D0E7036003D4EDA /* en */,
				0CF557A91D0E71E0006D6C5B /* nl */,
			);
			name = NothingFoundCell.xib;
			sourceTree = "<group>";
		};
		0CF557AC1D0E72E4006D6C5B /* LoadingCell.xib */ = {
			isa = PBXVariantGroup;
			children = (
				0CF557AB1D0E72E4006D6C5B /* Base */,
				0CF557AE1D0E72FE006D6C5B /* nl */,
			);
			name = LoadingCell.xib;
			sourceTree = "<group>";
		};
		6BD4CBA21D0495AC00DA4018 /* Main.storyboard */ = {
			isa = PBXVariantGroup;
			children = (
				6BD4CBA31D0495AC00DA4018 /* Base */,
				0CF557B01D0E73A8006D6C5B /* nl */,
			);
			name = Main.storyboard;
			sourceTree = "<group>";
		};
/* End PBXVariantGroup section */

/* Begin XCBuildConfiguration section */
		6BD4CBAB1D0495AC00DA4018 /* Debug */ = {
			isa = XCBuildConfiguration;
			buildSettings = {
				ALWAYS_SEARCH_USER_PATHS = NO;
				CLANG_ANALYZER_NONNULL = YES;
				CLANG_CXX_LANGUAGE_STANDARD = "gnu++0x";
				CLANG_CXX_LIBRARY = "libc++";
				CLANG_ENABLE_MODULES = YES;
				CLANG_ENABLE_OBJC_ARC = YES;
				CLANG_WARN_BOOL_CONVERSION = YES;
				CLANG_WARN_CONSTANT_CONVERSION = YES;
				CLANG_WARN_DIRECT_OBJC_ISA_USAGE = YES_ERROR;
				CLANG_WARN_EMPTY_BODY = YES;
				CLANG_WARN_ENUM_CONVERSION = YES;
				CLANG_WARN_INT_CONVERSION = YES;
				CLANG_WARN_OBJC_ROOT_CLASS = YES_ERROR;
				CLANG_WARN_UNREACHABLE_CODE = YES;
				CLANG_WARN__DUPLICATE_METHOD_MATCH = YES;
				"CODE_SIGN_IDENTITY[sdk=iphoneos*]" = "iPhone Developer";
				COPY_PHASE_STRIP = NO;
				DEBUG_INFORMATION_FORMAT = dwarf;
				ENABLE_STRICT_OBJC_MSGSEND = YES;
				ENABLE_TESTABILITY = YES;
				GCC_C_LANGUAGE_STANDARD = gnu99;
				GCC_DYNAMIC_NO_PIC = NO;
				GCC_NO_COMMON_BLOCKS = YES;
				GCC_OPTIMIZATION_LEVEL = 0;
				GCC_PREPROCESSOR_DEFINITIONS = (
					"DEBUG=1",
					"$(inherited)",
				);
				GCC_WARN_64_TO_32_BIT_CONVERSION = YES;
				GCC_WARN_ABOUT_RETURN_TYPE = YES_ERROR;
				GCC_WARN_UNDECLARED_SELECTOR = YES;
				GCC_WARN_UNINITIALIZED_AUTOS = YES_AGGRESSIVE;
				GCC_WARN_UNUSED_FUNCTION = YES;
				GCC_WARN_UNUSED_VARIABLE = YES;
				IPHONEOS_DEPLOYMENT_TARGET = 9.3;
				MTL_ENABLE_DEBUG_INFO = YES;
				ONLY_ACTIVE_ARCH = YES;
				SDKROOT = iphoneos;
				SWIFT_OPTIMIZATION_LEVEL = "-Onone";
			};
			name = Debug;
		};
		6BD4CBAC1D0495AC00DA4018 /* Release */ = {
			isa = XCBuildConfiguration;
			buildSettings = {
				ALWAYS_SEARCH_USER_PATHS = NO;
				CLANG_ANALYZER_NONNULL = YES;
				CLANG_CXX_LANGUAGE_STANDARD = "gnu++0x";
				CLANG_CXX_LIBRARY = "libc++";
				CLANG_ENABLE_MODULES = YES;
				CLANG_ENABLE_OBJC_ARC = YES;
				CLANG_WARN_BOOL_CONVERSION = YES;
				CLANG_WARN_CONSTANT_CONVERSION = YES;
				CLANG_WARN_DIRECT_OBJC_ISA_USAGE = YES_ERROR;
				CLANG_WARN_EMPTY_BODY = YES;
				CLANG_WARN_ENUM_CONVERSION = YES;
				CLANG_WARN_INT_CONVERSION = YES;
				CLANG_WARN_OBJC_ROOT_CLASS = YES_ERROR;
				CLANG_WARN_UNREACHABLE_CODE = YES;
				CLANG_WARN__DUPLICATE_METHOD_MATCH = YES;
				"CODE_SIGN_IDENTITY[sdk=iphoneos*]" = "iPhone Developer";
				COPY_PHASE_STRIP = NO;
				DEBUG_INFORMATION_FORMAT = "dwarf-with-dsym";
				ENABLE_NS_ASSERTIONS = NO;
				ENABLE_STRICT_OBJC_MSGSEND = YES;
				GCC_C_LANGUAGE_STANDARD = gnu99;
				GCC_NO_COMMON_BLOCKS = YES;
				GCC_WARN_64_TO_32_BIT_CONVERSION = YES;
				GCC_WARN_ABOUT_RETURN_TYPE = YES_ERROR;
				GCC_WARN_UNDECLARED_SELECTOR = YES;
				GCC_WARN_UNINITIALIZED_AUTOS = YES_AGGRESSIVE;
				GCC_WARN_UNUSED_FUNCTION = YES;
				GCC_WARN_UNUSED_VARIABLE = YES;
				IPHONEOS_DEPLOYMENT_TARGET = 9.3;
				MTL_ENABLE_DEBUG_INFO = NO;
				SDKROOT = iphoneos;
				VALIDATE_PRODUCT = YES;
			};
			name = Release;
		};
		6BD4CBAE1D0495AC00DA4018 /* Debug */ = {
			isa = XCBuildConfiguration;
			buildSettings = {
				ASSETCATALOG_COMPILER_APPICON_NAME = AppIcon;
				INFOPLIST_FILE = StoreSearch_IOS/Info.plist;
				LD_RUNPATH_SEARCH_PATHS = "$(inherited) @executable_path/Frameworks";
				PRODUCT_BUNDLE_IDENTIFIER = "stellartech.StoreSearch-IOS";
				PRODUCT_NAME = "$(TARGET_NAME)";
			};
			name = Debug;
		};
		6BD4CBAF1D0495AC00DA4018 /* Release */ = {
			isa = XCBuildConfiguration;
			buildSettings = {
				ASSETCATALOG_COMPILER_APPICON_NAME = AppIcon;
				INFOPLIST_FILE = StoreSearch_IOS/Info.plist;
				LD_RUNPATH_SEARCH_PATHS = "$(inherited) @executable_path/Frameworks";
				PRODUCT_BUNDLE_IDENTIFIER = "stellartech.StoreSearch-IOS";
				PRODUCT_NAME = "$(TARGET_NAME)";
			};
			name = Release;
		};
/* End XCBuildConfiguration section */

/* Begin XCConfigurationList section */
		6BD4CB961D0495AC00DA4018 /* Build configuration list for PBXProject "StoreSearch_IOS" */ = {
			isa = XCConfigurationList;
			buildConfigurations = (
				6BD4CBAB1D0495AC00DA4018 /* Debug */,
				6BD4CBAC1D0495AC00DA4018 /* Release */,
			);
			defaultConfigurationIsVisible = 0;
			defaultConfigurationName = Release;
		};
		6BD4CBAD1D0495AC00DA4018 /* Build configuration list for PBXNativeTarget "StoreSearch_IOS" */ = {
			isa = XCConfigurationList;
			buildConfigurations = (
				6BD4CBAE1D0495AC00DA4018 /* Debug */,
				6BD4CBAF1D0495AC00DA4018 /* Release */,
			);
			defaultConfigurationIsVisible = 0;
			defaultConfigurationName = Release;
		};
/* End XCConfigurationList section */
	};
	rootObject = 6BD4CB931D0495AC00DA4018 /* Project object */;
}
